Microsoft Visual Studio Solution File, Format Version 12.00
# Visual Studio Version 17
VisualStudioVersion = 17.0.31717.71
MinimumVisualStudioVersion = 10.0.40219.1
Project("{9A19103F-16F7-4668-BE54-9A1E7A4F7556}") = "Stuntman.Web", "Stuntman.Web.csproj", "{7921839A-FD09-4B80-BEC5-8328CA5B7912}"
EndProject
Global
	GlobalSection(SolutionConfigurationPlatforms) = preSolution
		Debug|Any CPU = Debug|Any CPU
		Release|Any CPU = Release|Any CPU
	EndGlobalSection
	GlobalSection(ProjectConfigurationPlatforms) = postSolution
		{7921839A-FD09-4B80-BEC5-8328CA5B7912}.Debug|Any CPU.ActiveCfg = Debug|Any CPU
		{7921839A-FD09-4B80-BEC5-8328CA5B7912}.Debug|Any CPU.Build.0 = Debug|Any CPU
		{7921839A-FD09-4B80-BEC5-8328CA5B7912}.Release|Any CPU.ActiveCfg = Release|Any CPU
		{7921839A-FD09-4B80-BEC5-8328CA5B7912}.Release|Any CPU.Build.0 = Release|Any CPU
	EndGlobalSection
	GlobalSection(SolutionProperties) = preSolution
		HideSolutionNode = FALSE
	EndGlobalSection
	GlobalSection(ExtensibilityGlobals) = postSolution
		SolutionGuid = {D0AE68BE-B058-4E56-9CFF-207EF1ADA006}
	EndGlobalSection
EndGlobal
